github.com/kberdos/go-bitio v0.1.1 h1:DFf22Q4255zMSIUVG7ak0mEdIgN8furjjJkZq7mNTII=
github.com/kberdos/go-bitio v0.1.1/go.mod h1:/7J1nhYAt8IUaFioAzla40L48S93+kF38hEofVF4OMU=
github.com/kberdos/go-bitio v0.1.2 h1:iLvcDuFVYkKDACFCfhO3Ogxz4EXOESEJFBNnS0TB0TU=
github.com/kberdos/go-bitio v0.1.2/go.mod h1:/7J1nhYAt8IUaFioAzla40L48S93+kF38hEofVF4OMU=
github.com/kberdos/go-bitio v0.1.3 h1:UdMvgWDK/qjhnC210FyABJbZSyEBl7lyMYXOTi7D8LY=
github.com/kberdos/go-bitio v0.1.3/go.mod h1:/7J1nhYAt8IUaFioAzla40L48S93+kF38hEofVF4OMU=
